<?xml version="1.0" encoding="utf-8"?>
<Project ToolsVersion="4.0" xmlns="http://schemas.microsoft.com/developer/msbuild/2003">
  <ItemGroup>
    <ClCompile Include="App.cpp" />
    <ClCompile Include="main.cpp" />
    <ClCompile Include="SDLEvent.cpp" />
    <ClCompile Include="stb_image.c" />
    <ClCompile Include="TimeManager.cpp" />
    <ClCompile Include="Asteroid.cpp">
      <Filter>Engine\Source Files</Filter>
    </ClCompile>
    <ClCompile Include="Color.cpp">
      <Filter>Engine\Source Files</Filter>
    </ClCompile>
    <ClCompile Include="Colors.cpp">
      <Filter>Engine\Source Files</Filter>
    </ClCompile>
    <ClCompile Include="Entity.cpp">
      <Filter>Engine\Source Files</Filter>
    </ClCompile>
    <ClCompile Include="MathUtilities.cpp">
      <Filter>Engine\Source Files</Filter>
    </ClCompile>
    <ClCompile Include="Player.cpp">
      <Filter>Engine\Source Files</Filter>
    </ClCompile>
    <ClCompile Include="Vector2.cpp">
      <Filter>Engine\Source Files</Filter>
    </ClCompile>
    <ClCompile Include="Vector3.cpp">
      <Filter>Engine\Source Files</Filter>
    </ClCompile>
    <ClCompile Include="Vector4.cpp">
      <Filter>Engine\Source Files</Filter>
    </ClCompile>
    <ClCompile Include="Bullet.cpp">
      <Filter>Engine\Source Files</Filter>
    </ClCompile>
    <ClCompile Include="InputManager.cpp">
      <Filter>Engine\Source Files</Filter>
    </ClCompile>
  </ItemGroup>
  <ItemGroup>
    <ClInclude Include="App.hpp" />
    <ClInclude Include="SDLEvent.hpp" />
    <ClInclude Include="TimeManager.hpp" />
    <ClInclude Include="Asteroid.hpp">
      <Filter>Engine\Header Files</Filter>
    </ClInclude>
    <ClInclude Include="Color.hpp">
      <Filter>Engine\Header Files</Filter>
    </ClInclude>
    <ClInclude Include="Colors.hpp">
      <Filter>Engine\Header Files</Filter>
    </ClInclude>
    <ClInclude Include="Entity.hpp">
      <Filter>Engine\Header Files</Filter>
    </ClInclude>
    <ClInclude Include="MathUtilities.hpp">
      <Filter>Engine\Header Files</Filter>
    </ClInclude>
    <ClInclude Include="Player.hpp">
      <Filter>Engine\Header Files</Filter>
    </ClInclude>
    <ClInclude Include="Vector2.hpp">
      <Filter>Engine\Header Files</Filter>
    </ClInclude>
    <ClInclude Include="Vector3.hpp">
      <Filter>Engine\Header Files</Filter>
    </ClInclude>
    <ClInclude Include="Vector4.hpp">
      <Filter>Engine\Header Files</Filter>
    </ClInclude>
    <ClInclude Include="Bullet.hpp">
      <Filter>Engine\Header Files</Filter>
    </ClInclude>
    <ClInclude Include="InputManager.hpp">
      <Filter>Engine\Header Files</Filter>
    </ClInclude>
  </ItemGroup>
  <ItemGroup>
    <Filter Include="Engine">
      <UniqueIdentifier>{3681375c-56fd-466b-b00a-a9f25935d21e}</UniqueIdentifier>
    </Filter>
    <Filter Include="Engine\Header Files">
      <UniqueIdentifier>{faeebe13-09fb-4c14-83c8-7908752127f6}</UniqueIdentifier>
    </Filter>
    <Filter Include="Engine\Source Files">
      <UniqueIdentifier>{7f24a347-14ac-40d6-a1df-07291d0ff1f9}</UniqueIdentifier>
    </Filter>
  </ItemGroup>
</Project>